// !$*UTF8*$!
{
	archiveVersion = 1;
	classes = {
	};
	objectVersion = 55;
	objects = {

/* Begin PBXBuildFile section */
		F007C30C26ADF87000A3F0CD /* TableTableViewCell.swift in Sources */ = {isa = PBXBuildFile; fileRef = F007C30A26ADF87000A3F0CD /* TableTableViewCell.swift */; };
		F007C30D26ADF87000A3F0CD /* TableTableViewCell.xib in Resources */ = {isa = PBXBuildFile; fileRef = F007C30B26ADF87000A3F0CD /* TableTableViewCell.xib */; };
		F009B02026AF212C00EBE75B /* RecordViewController.swift in Sources */ = {isa = PBXBuildFile; fileRef = F009B01F26AF212C00EBE75B /* RecordViewController.swift */; };
		F009B02226AF9AB100EBE75B /* TableViewController.swift in Sources */ = {isa = PBXBuildFile; fileRef = F009B02126AF9AB100EBE75B /* TableViewController.swift */; };
		F009B02626AFA3DF00EBE75B /* AddViewController.swift in Sources */ = {isa = PBXBuildFile; fileRef = F009B02526AFA3DF00EBE75B /* AddViewController.swift */; };
		F009B02826AFA3ED00EBE75B /* DetailViewController.swift in Sources */ = {isa = PBXBuildFile; fileRef = F009B02726AFA3ED00EBE75B /* DetailViewController.swift */; };
		F009B02A26B07B1800EBE75B /* BookmarkLineData.swift in Sources */ = {isa = PBXBuildFile; fileRef = F009B02926B07B1800EBE75B /* BookmarkLineData.swift */; };
		F009B02C26B094D700EBE75B /* ProductTableViewCell.swift in Sources */ = {isa = PBXBuildFile; fileRef = F009B02B26B094D700EBE75B /* ProductTableViewCell.swift */; };
		F030A8A626B14FD5009E625F /* 신의탑4.png in Resources */ = {isa = PBXBuildFile; fileRef = F030A8A026B14FD4009E625F /* 신의탑4.png */; };
		F030A8A726B14FD5009E625F /* 신의탑2.png in Resources */ = {isa = PBXBuildFile; fileRef = F030A8A126B14FD4009E625F /* 신의탑2.png */; };
		F030A8A826B14FD5009E625F /* 신의탑1.png in Resources */ = {isa = PBXBuildFile; fileRef = F030A8A226B14FD4009E625F /* 신의탑1.png */; };
		F030A8A926B14FD5009E625F /* 신의탑3.png in Resources */ = {isa = PBXBuildFile; fileRef = F030A8A326B14FD5009E625F /* 신의탑3.png */; };
		F030A8AA26B14FD5009E625F /* 좋아하면울리는.png in Resources */ = {isa = PBXBuildFile; fileRef = F030A8A426B14FD5009E625F /* 좋아하면울리는.png */; };
		F030A8AB26B14FD5009E625F /* 칼집의아이1.png in Resources */ = {isa = PBXBuildFile; fileRef = F030A8A526B14FD5009E625F /* 칼집의아이1.png */; };
		F030A8AD26B16514009E625F /* MiniWebViewController.swift in Sources */ = {isa = PBXBuildFile; fileRef = F030A8AC26B16514009E625F /* MiniWebViewController.swift */; };
		F030A8AF26B1DAC0009E625F /* UserDefaultViewController.swift in Sources */ = {isa = PBXBuildFile; fileRef = F030A8AE26B1DAC0009E625F /* UserDefaultViewController.swift */; };
		F030A8B326B2331E009E625F /* SearchTableViewCell.swift in Sources */ = {isa = PBXBuildFile; fileRef = F030A8B226B2331E009E625F /* SearchTableViewCell.swift */; };
		F030A8B526B23DEC009E625F /* model.swift in Sources */ = {isa = PBXBuildFile; fileRef = F030A8B426B23DEC009E625F /* model.swift */; };
		F030A8B726B248DB009E625F /* support.swift in Sources */ = {isa = PBXBuildFile; fileRef = F030A8B626B248DB009E625F /* support.swift */; };
		F056370026AE03810090AA9B /* BookmarkData.swift in Sources */ = {isa = PBXBuildFile; fileRef = F05636FF26AE03810090AA9B /* BookmarkData.swift */; };
		F056370226AECBEC0090AA9B /* TabBarViewController.swift in Sources */ = {isa = PBXBuildFile; fileRef = F056370126AECBEC0090AA9B /* TabBarViewController.swift */; };
		F095918926AA551D001D76C5 /* AppDelegate.swift in Sources */ = {isa = PBXBuildFile; fileRef = F095918826AA551D001D76C5 /* AppDelegate.swift */; };
		F095918B26AA551D001D76C5 /* SceneDelegate.swift in Sources */ = {isa = PBXBuildFile; fileRef = F095918A26AA551D001D76C5 /* SceneDelegate.swift */; };
		F095918D26AA551D001D76C5 /* ViewController.swift in Sources */ = {isa = PBXBuildFile; fileRef = F095918C26AA551D001D76C5 /* ViewController.swift */; };
		F095919026AA551D001D76C5 /* Main.storyboard in Resources */ = {isa = PBXBuildFile; fileRef = F095918E26AA551D001D76C5 /* Main.storyboard */; };
		F095919326AA551D001D76C5 /* Bookmark.xcdatamodeld in Sources */ = {isa = PBXBuildFile; fileRef = F095919126AA551D001D76C5 /* Bookmark.xcdatamodeld */; };
		F095919526AA551F001D76C5 /* Assets.xcassets in Resources */ = {isa = PBXBuildFile; fileRef = F095919426AA551F001D76C5 /* Assets.xcassets */; };
		F095919826AA551F001D76C5 /* LaunchScreen.storyboard in Resources */ = {isa = PBXBuildFile; fileRef = F095919626AA551F001D76C5 /* LaunchScreen.storyboard */; };
		F09591A326AA551F001D76C5 /* BookmarkTests.swift in Sources */ = {isa = PBXBuildFile; fileRef = F09591A226AA551F001D76C5 /* BookmarkTests.swift */; };
		F09591AD26AA551F001D76C5 /* BookmarkUITests.swift in Sources */ = {isa = PBXBuildFile; fileRef = F09591AC26AA551F001D76C5 /* BookmarkUITests.swift */; };
		F09591BA26AA5531001D76C5 /* TimerViewController.swift in Sources */ = {isa = PBXBuildFile; fileRef = F09591B926AA5531001D76C5 /* TimerViewController.swift */; };
		F09591C326AA58FB001D76C5 /* PickerViewController.swift in Sources */ = {isa = PBXBuildFile; fileRef = F09591C226AA58FB001D76C5 /* PickerViewController.swift */; };
		F09591CF26AA77B8001D76C5 /* 2.jpg in Resources */ = {isa = PBXBuildFile; fileRef = F09591C526AA77B7001D76C5 /* 2.jpg */; };
		F09591D026AA77B8001D76C5 /* 4.jpg in Resources */ = {isa = PBXBuildFile; fileRef = F09591C626AA77B7001D76C5 /* 4.jpg */; };
		F09591D126AA77B8001D76C5 /* 8.jpg in Resources */ = {isa = PBXBuildFile; fileRef = F09591C726AA77B7001D76C5 /* 8.jpg */; };
		F09591D226AA77B8001D76C5 /* 10.jpg in Resources */ = {isa = PBXBuildFile; fileRef = F09591C826AA77B7001D76C5 /* 10.jpg */; };
		F09591D326AA77B8001D76C5 /* 3.jpg in Resources */ = {isa = PBXBuildFile; fileRef = F09591C926AA77B7001D76C5 /* 3.jpg */; };
		F09591D426AA77B8001D76C5 /* 6.jpg in Resources */ = {isa = PBXBuildFile; fileRef = F09591CA26AA77B7001D76C5 /* 6.jpg */; };
		F09591D526AA77B8001D76C5 /* 7.jpg in Resources */ = {isa = PBXBuildFile; fileRef = F09591CB26AA77B8001D76C5 /* 7.jpg */; };
		F09591D626AA77B8001D76C5 /* 9.jpg in Resources */ = {isa = PBXBuildFile; fileRef = F09591CC26AA77B8001D76C5 /* 9.jpg */; };
		F09591D726AA77B8001D76C5 /* 1.jpg in Resources */ = {isa = PBXBuildFile; fileRef = F09591CD26AA77B8001D76C5 /* 1.jpg */; };
		F09591D826AA77B8001D76C5 /* 5.jpg in Resources */ = {isa = PBXBuildFile; fileRef = F09591CE26AA77B8001D76C5 /* 5.jpg */; };
		F09591DA26AA9FC0001D76C5 /* AlertViewController.swift in Sources */ = {isa = PBXBuildFile; fileRef = F09591D926AA9FC0001D76C5 /* AlertViewController.swift */; };
		F09591DE26AAA19C001D76C5 /* lamp-off.png in Resources */ = {isa = PBXBuildFile; fileRef = F09591DB26AAA19B001D76C5 /* lamp-off.png */; };
		F09591DF26AAA19C001D76C5 /* lamp-remove.png in Resources */ = {isa = PBXBuildFile; fileRef = F09591DC26AAA19C001D76C5 /* lamp-remove.png */; };
		F09591E026AAA19C001D76C5 /* lamp-on.png in Resources */ = {isa = PBXBuildFile; fileRef = F09591DD26AAA19C001D76C5 /* lamp-on.png */; };
		F09591EC26AABDBE001D76C5 /* WebViewController.swift in Sources */ = {isa = PBXBuildFile; fileRef = F09591EB26AABDBE001D76C5 /* WebViewController.swift */; };
		F09591EF26AAD5CD001D76C5 /* WebKit.framework in Frameworks */ = {isa = PBXBuildFile; fileRef = F09591EE26AAD5CD001D76C5 /* WebKit.framework */; };
		F09591F126AAD8D8001D76C5 /* htmlView.html in Resources */ = {isa = PBXBuildFile; fileRef = F09591F026AAD8D8001D76C5 /* htmlView.html */; };
		F0A5330A26ADC88D006AB340 /* EditViewController.swift in Sources */ = {isa = PBXBuildFile; fileRef = F0A5330926ADC88D006AB340 /* EditViewController.swift */; };
		F0BA2B4A26B11AB5001AA2B5 /* ProductDetailTableViewController.swift in Sources */ = {isa = PBXBuildFile; fileRef = F0BA2B4926B11AB5001AA2B5 /* ProductDetailTableViewController.swift */; };
/* End PBXBuildFile section */

/* Begin PBXContainerItemProxy section */
		F095919F26AA551F001D76C5 /* PBXContainerItemProxy */ = {
			isa = PBXContainerItemProxy;
			containerPortal = F095917D26AA551D001D76C5 /* Project object */;
			proxyType = 1;
			remoteGlobalIDString = F095918426AA551D001D76C5;
			remoteInfo = Bookmark;
		};
		F09591A926AA551F001D76C5 /* PBXContainerItemProxy */ = {
			isa = PBXContainerItemProxy;
			containerPortal = F095917D26AA551D001D76C5 /* Project object */;
			proxyType = 1;
			remoteGlobalIDString = F095918426AA551D001D76C5;
			remoteInfo = Bookmark;
		};
/* End PBXContainerItemProxy section */

/* Begin PBXFileReference section */
		F007C30A26ADF87000A3F0CD /* TableTableViewCell.swift */ = {isa = PBXFileReference; lastKnownFileType = sourcecode.swift; path = TableTableViewCell.swift; sourceTree = "<group>"; };
		F007C30B26ADF87000A3F0CD /* TableTableViewCell.xib */ = {isa = PBXFileReference; lastKnownFileType = file.xib; path = TableTableViewCell.xib; sourceTree = "<group>"; };
		F009B01F26AF212C00EBE75B /* RecordViewController.swift */ = {isa = PBXFileReference; lastKnownFileType = sourcecode.swift; path = RecordViewController.swift; sourceTree = "<group>"; };
		F009B02126AF9AB100EBE75B /* TableViewController.swift */ = {isa = PBXFileReference; lastKnownFileType = sourcecode.swift; path = TableViewController.swift; sourceTree = "<group>"; };
		F009B02526AFA3DF00EBE75B /* AddViewController.swift */ = {isa = PBXFileReference; lastKnownFileType = sourcecode.swift; path = AddViewController.swift; sourceTree = "<group>"; };
		F009B02726AFA3ED00EBE75B /* DetailViewController.swift */ = {isa = PBXFileReference; lastKnownFileType = sourcecode.swift; path = DetailViewController.swift; sourceTree = "<group>"; };
		F009B02926B07B1800EBE75B /* BookmarkLineData.swift */ = {isa = PBXFileReference; lastKnownFileType = sourcecode.swift; path = BookmarkLineData.swift; sourceTree = "<group>"; };
		F009B02B26B094D700EBE75B /* ProductTableViewCell.swift */ = {isa = PBXFileReference; lastKnownFileType = sourcecode.swift; path = ProductTableViewCell.swift; sourceTree = "<group>"; };
		F030A8A026B14FD4009E625F /* 신의탑4.png */ = {isa = PBXFileReference; lastKnownFileType = image.png; path = "신의탑4.png"; sourceTree = "<group>"; };
		F030A8A126B14FD4009E625F /* 신의탑2.png */ = {isa = PBXFileReference; lastKnownFileType = image.png; path = "신의탑2.png"; sourceTree = "<group>"; };
		F030A8A226B14FD4009E625F /* 신의탑1.png */ = {isa = PBXFileReference; lastKnownFileType = image.png; path = "신의탑1.png"; sourceTree = "<group>"; };
		F030A8A326B14FD5009E625F /* 신의탑3.png */ = {isa = PBXFileReference; lastKnownFileType = image.png; path = "신의탑3.png"; sourceTree = "<group>"; };
		F030A8A426B14FD5009E625F /* 좋아하면울리는.png */ = {isa = PBXFileReference; lastKnownFileType = image.png; path = "좋아하면울리는.png"; sourceTree = "<group>"; };
		F030A8A526B14FD5009E625F /* 칼집의아이1.png */ = {isa = PBXFileReference; lastKnownFileType = image.png; path = "칼집의아이1.png"; sourceTree = "<group>"; };
		F030A8AC26B16514009E625F /* MiniWebViewController.swift */ = {isa = PBXFileReference; lastKnownFileType = sourcecode.swift; path = MiniWebViewController.swift; sourceTree = "<group>"; };
		F030A8AE26B1DAC0009E625F /* UserDefaultViewController.swift */ = {isa = PBXFileReference; lastKnownFileType = sourcecode.swift; path = UserDefaultViewController.swift; sourceTree = "<group>"; };
		F030A8B226B2331E009E625F /* SearchTableViewCell.swift */ = {isa = PBXFileReference; lastKnownFileType = sourcecode.swift; path = SearchTableViewCell.swift; sourceTree = "<group>"; };
		F030A8B426B23DEC009E625F /* model.swift */ = {isa = PBXFileReference; lastKnownFileType = sourcecode.swift; path = model.swift; sourceTree = "<group>"; };
		F030A8B626B248DB009E625F /* support.swift */ = {isa = PBXFileReference; lastKnownFileType = sourcecode.swift; path = support.swift; sourceTree = "<group>"; };
		F05636FF26AE03810090AA9B /* BookmarkData.swift */ = {isa = PBXFileReference; lastKnownFileType = sourcecode.swift; path = BookmarkData.swift; sourceTree = "<group>"; };
		F056370126AECBEC0090AA9B /* TabBarViewController.swift */ = {isa = PBXFileReference; lastKnownFileType = sourcecode.swift; path = TabBarViewController.swift; sourceTree = "<group>"; };
		F095918526AA551D001D76C5 /* Bookmark.app */ = {isa = PBXFileReference; explicitFileType = wrapper.application; includeInIndex = 0; path = Bookmark.app; sourceTree = BUILT_PRODUCTS_DIR; };
		F095918826AA551D001D76C5 /* AppDelegate.swift */ = {isa = PBXFileReference; lastKnownFileType = sourcecode.swift; path = AppDelegate.swift; sourceTree = "<group>"; };
		F095918A26AA551D001D76C5 /* SceneDelegate.swift */ = {isa = PBXFileReference; lastKnownFileType = sourcecode.swift; path = SceneDelegate.swift; sourceTree = "<group>"; };
		F095918C26AA551D001D76C5 /* ViewController.swift */ = {isa = PBXFileReference; lastKnownFileType = sourcecode.swift; path = ViewController.swift; sourceTree = "<group>"; };
		F095918F26AA551D001D76C5 /* Base */ = {isa = PBXFileReference; lastKnownFileType = file.storyboard; name = Base; path = Base.lproj/Main.storyboard; sourceTree = "<group>"; };
		F095919226AA551D001D76C5 /* Bookmark.xcdatamodel */ = {isa = PBXFileReference; lastKnownFileType = wrapper.xcdatamodel; path = Bookmark.xcdatamodel; sourceTree = "<group>"; };
		F095919426AA551F001D76C5 /* Assets.xcassets */ = {isa = PBXFileReference; lastKnownFileType = folder.assetcatalog; path = Assets.xcassets; sourceTree = "<group>"; };
		F095919726AA551F001D76C5 /* Base */ = {isa = PBXFileReference; lastKnownFileType = file.storyboard; name = Base; path = Base.lproj/LaunchScreen.storyboard; sourceTree = "<group>"; };
		F095919926AA551F001D76C5 /* Info.plist */ = {isa = PBXFileReference; lastKnownFileType = text.plist.xml; path = Info.plist; sourceTree = "<group>"; };
		F095919E26AA551F001D76C5 /* BookmarkTests.xctest */ = {isa = PBXFileReference; explicitFileType = wrapper.cfbundle; includeInIndex = 0; path = BookmarkTests.xctest; sourceTree = BUILT_PRODUCTS_DIR; };
		F09591A226AA551F001D76C5 /* BookmarkTests.swift */ = {isa = PBXFileReference; lastKnownFileType = sourcecode.swift; path = BookmarkTests.swift; sourceTree = "<group>"; };
		F09591A826AA551F001D76C5 /* BookmarkUITests.xctest */ = {isa = PBXFileReference; explicitFileType = wrapper.cfbundle; includeInIndex = 0; path = BookmarkUITests.xctest; sourceTree = BUILT_PRODUCTS_DIR; };
		F09591AC26AA551F001D76C5 /* BookmarkUITests.swift */ = {isa = PBXFileReference; lastKnownFileType = sourcecode.swift; path = BookmarkUITests.swift; sourceTree = "<group>"; };
		F09591B926AA5531001D76C5 /* TimerViewController.swift */ = {isa = PBXFileReference; lastKnownFileType = sourcecode.swift; path = TimerViewController.swift; sourceTree = "<group>"; };
		F09591C226AA58FB001D76C5 /* PickerViewController.swift */ = {isa = PBXFileReference; lastKnownFileType = sourcecode.swift; path = PickerViewController.swift; sourceTree = "<group>"; };
		F09591C526AA77B7001D76C5 /* 2.jpg */ = {isa = PBXFileReference; lastKnownFileType = image.jpeg; path = 2.jpg; sourceTree = "<group>"; };
		F09591C626AA77B7001D76C5 /* 4.jpg */ = {isa = PBXFileReference; lastKnownFileType = image.jpeg; path = 4.jpg; sourceTree = "<group>"; };
		F09591C726AA77B7001D76C5 /* 8.jpg */ = {isa = PBXFileReference; lastKnownFileType = image.jpeg; path = 8.jpg; sourceTree = "<group>"; };
		F09591C826AA77B7001D76C5 /* 10.jpg */ = {isa = PBXFileReference; lastKnownFileType = image.jpeg; path = 10.jpg; sourceTree = "<group>"; };
		F09591C926AA77B7001D76C5 /* 3.jpg */ = {isa = PBXFileReference; lastKnownFileType = image.jpeg; path = 3.jpg; sourceTree = "<group>"; };
		F09591CA26AA77B7001D76C5 /* 6.jpg */ = {isa = PBXFileReference; lastKnownFileType = image.jpeg; path = 6.jpg; sourceTree = "<group>"; };
		F09591CB26AA77B8001D76C5 /* 7.jpg */ = {isa = PBXFileReference; lastKnownFileType = image.jpeg; path = 7.jpg; sourceTree = "<group>"; };
		F09591CC26AA77B8001D76C5 /* 9.jpg */ = {isa = PBXFileReference; lastKnownFileType = image.jpeg; path = 9.jpg; sourceTree = "<group>"; };
		F09591CD26AA77B8001D76C5 /* 1.jpg */ = {isa = PBXFileReference; lastKnownFileType = image.jpeg; path = 1.jpg; sourceTree = "<group>"; };
		F09591CE26AA77B8001D76C5 /* 5.jpg */ = {isa = PBXFileReference; lastKnownFileType = image.jpeg; path = 5.jpg; sourceTree = "<group>"; };
		F09591D926AA9FC0001D76C5 /* AlertViewController.swift */ = {isa = PBXFileReference; lastKnownFileType = sourcecode.swift; path = AlertViewController.swift; sourceTree = "<group>"; };
		F09591DB26AAA19B001D76C5 /* lamp-off.png */ = {isa = PBXFileReference; lastKnownFileType = image.png; path = "lamp-off.png"; sourceTree = "<group>"; };
		F09591DC26AAA19C001D76C5 /* lamp-remove.png */ = {isa = PBXFileReference; lastKnownFileType = image.png; path = "lamp-remove.png"; sourceTree = "<group>"; };
		F09591DD26AAA19C001D76C5 /* lamp-on.png */ = {isa = PBXFileReference; lastKnownFileType = image.png; path = "lamp-on.png"; sourceTree = "<group>"; };
		F09591EB26AABDBE001D76C5 /* WebViewController.swift */ = {isa = PBXFileReference; lastKnownFileType = sourcecode.swift; path = WebViewController.swift; sourceTree = "<group>"; };
		F09591EE26AAD5CD001D76C5 /* WebKit.framework */ = {isa = PBXFileReference; lastKnownFileType = wrapper.framework; name = WebKit.framework; path = System/Library/Frameworks/WebKit.framework; sourceTree = SDKROOT; };
		F09591F026AAD8D8001D76C5 /* htmlView.html */ = {isa = PBXFileReference; lastKnownFileType = text.html; path = htmlView.html; sourceTree = "<group>"; };
		F0A5330926ADC88D006AB340 /* EditViewController.swift */ = {isa = PBXFileReference; lastKnownFileType = sourcecode.swift; path = EditViewController.swift; sourceTree = "<group>"; };
		F0BA2B4926B11AB5001AA2B5 /* ProductDetailTableViewController.swift */ = {isa = PBXFileReference; lastKnownFileType = sourcecode.swift; path = ProductDetailTableViewController.swift; sourceTree = "<group>"; };
/* End PBXFileReference section */

/* Begin PBXFrameworksBuildPhase section */
		F095918226AA551D001D76C5 /* Frameworks */ = {
			isa = PBXFrameworksBuildPhase;
			buildActionMask = 2147483647;
			files = (
				F09591EF26AAD5CD001D76C5 /* WebKit.framework in Frameworks */,
			);
			runOnlyForDeploymentPostprocessing = 0;
		};
		F095919B26AA551F001D76C5 /* Frameworks */ = {
			isa = PBXFrameworksBuildPhase;
			buildActionMask = 2147483647;
			files = (
			);
			runOnlyForDeploymentPostprocessing = 0;
		};
		F09591A526AA551F001D76C5 /* Frameworks */ = {
			isa = PBXFrameworksBuildPhase;
			buildActionMask = 2147483647;
			files = (
			);
			runOnlyForDeploymentPostprocessing = 0;
		};
/* End PBXFrameworksBuildPhase section */

/* Begin PBXGroup section */
		F095917C26AA551D001D76C5 = {
			isa = PBXGroup;
			children = (
				F095918726AA551D001D76C5 /* Bookmark */,
				F09591A126AA551F001D76C5 /* BookmarkTests */,
				F09591AB26AA551F001D76C5 /* BookmarkUITests */,
				F095918626AA551D001D76C5 /* Products */,
				F09591ED26AAD5CD001D76C5 /* Frameworks */,
			);
			sourceTree = "<group>";
		};
		F095918626AA551D001D76C5 /* Products */ = {
			isa = PBXGroup;
			children = (
				F095918526AA551D001D76C5 /* Bookmark.app */,
				F095919E26AA551F001D76C5 /* BookmarkTests.xctest */,
				F09591A826AA551F001D76C5 /* BookmarkUITests.xctest */,
			);
			name = Products;
			sourceTree = "<group>";
		};
		F095918726AA551D001D76C5 /* Bookmark */ = {
			isa = PBXGroup;
			children = (
				F007C30A26ADF87000A3F0CD /* TableTableViewCell.swift */,
				F007C30B26ADF87000A3F0CD /* TableTableViewCell.xib */,
				F09591BB26AA559F001D76C5 /* study */,
				F05636FF26AE03810090AA9B /* BookmarkData.swift */,
				F009B02926B07B1800EBE75B /* BookmarkLineData.swift */,
				F095918826AA551D001D76C5 /* AppDelegate.swift */,
				F095918A26AA551D001D76C5 /* SceneDelegate.swift */,
				F056370126AECBEC0090AA9B /* TabBarViewController.swift */,
				F030A8AC26B16514009E625F /* MiniWebViewController.swift */,
				F0A5330926ADC88D006AB340 /* EditViewController.swift */,
				F009B02B26B094D700EBE75B /* ProductTableViewCell.swift */,
				F0BA2B4926B11AB5001AA2B5 /* ProductDetailTableViewController.swift */,
				F09591EB26AABDBE001D76C5 /* WebViewController.swift */,
				F030A8B226B2331E009E625F /* SearchTableViewCell.swift */,
				F095918C26AA551D001D76C5 /* ViewController.swift */,
				F009B01F26AF212C00EBE75B /* RecordViewController.swift */,
				F095918E26AA551D001D76C5 /* Main.storyboard */,
				F095919426AA551F001D76C5 /* Assets.xcassets */,
				F095919626AA551F001D76C5 /* LaunchScreen.storyboard */,
				F095919926AA551F001D76C5 /* Info.plist */,
				F095919126AA551D001D76C5 /* Bookmark.xcdatamodeld */,
				F09591F026AAD8D8001D76C5 /* htmlView.html */,
				F030A8B426B23DEC009E625F /* model.swift */,
				F030A8B626B248DB009E625F /* support.swift */,
			);
			path = Bookmark;
			sourceTree = "<group>";
		};
		F09591A126AA551F001D76C5 /* BookmarkTests */ = {
			isa = PBXGroup;
			children = (
				F09591A226AA551F001D76C5 /* BookmarkTests.swift */,
			);
			path = BookmarkTests;
			sourceTree = "<group>";
		};
		F09591AB26AA551F001D76C5 /* BookmarkUITests */ = {
			isa = PBXGroup;
			children = (
				F09591AC26AA551F001D76C5 /* BookmarkUITests.swift */,
			);
			path = BookmarkUITests;
			sourceTree = "<group>";
		};
		F09591BB26AA559F001D76C5 /* study */ = {
			isa = PBXGroup;
			children = (
				F030A8A226B14FD4009E625F /* 신의탑1.png */,
				F030A8A126B14FD4009E625F /* 신의탑2.png */,
				F030A8A326B14FD5009E625F /* 신의탑3.png */,
				F030A8A026B14FD4009E625F /* 신의탑4.png */,
				F030A8A426B14FD5009E625F /* 좋아하면울리는.png */,
				F030A8A526B14FD5009E625F /* 칼집의아이1.png */,
				F09591DB26AAA19B001D76C5 /* lamp-off.png */,
				F09591DD26AAA19C001D76C5 /* lamp-on.png */,
				F09591DC26AAA19C001D76C5 /* lamp-remove.png */,
				F09591CD26AA77B8001D76C5 /* 1.jpg */,
				F09591C526AA77B7001D76C5 /* 2.jpg */,
				F09591C926AA77B7001D76C5 /* 3.jpg */,
				F09591C626AA77B7001D76C5 /* 4.jpg */,
				F09591CE26AA77B8001D76C5 /* 5.jpg */,
				F09591CA26AA77B7001D76C5 /* 6.jpg */,
				F09591CB26AA77B8001D76C5 /* 7.jpg */,
				F09591C726AA77B7001D76C5 /* 8.jpg */,
				F09591CC26AA77B8001D76C5 /* 9.jpg */,
				F09591C826AA77B7001D76C5 /* 10.jpg */,
				F09591C226AA58FB001D76C5 /* PickerViewController.swift */,
				F09591D926AA9FC0001D76C5 /* AlertViewController.swift */,
				F09591B926AA5531001D76C5 /* TimerViewController.swift */,
				F009B02526AFA3DF00EBE75B /* AddViewController.swift */,
				F009B02126AF9AB100EBE75B /* TableViewController.swift */,
				F009B02726AFA3ED00EBE75B /* DetailViewController.swift */,
				F030A8AE26B1DAC0009E625F /* UserDefaultViewController.swift */,
			);
			path = study;
			sourceTree = "<group>";
		};
		F09591ED26AAD5CD001D76C5 /* Frameworks */ = {
			isa = PBXGroup;
			children = (
				F09591EE26AAD5CD001D76C5 /* WebKit.framework */,
			);
			name = Frameworks;
			sourceTree = "<group>";
		};
/* End PBXGroup section */

/* Begin PBXNativeTarget section */
		F095918426AA551D001D76C5 /* Bookmark */ = {
			isa = PBXNativeTarget;
			buildConfigurationList = F09591B026AA551F001D76C5 /* Build configuration list for PBXNativeTarget "Bookmark" */;
			buildPhases = (
				F095918126AA551D001D76C5 /* Sources */,
				F095918226AA551D001D76C5 /* Frameworks */,
				F095918326AA551D001D76C5 /* Resources */,
			);
			buildRules = (
			);
			dependencies = (
			);
			name = Bookmark;
			productName = Bookmark;
			productReference = F095918526AA551D001D76C5 /* Bookmark.app */;
			productType = "com.apple.product-type.application";
		};
		F095919D26AA551F001D76C5 /* BookmarkTests */ = {
			isa = PBXNativeTarget;
			buildConfigurationList = F09591B326AA551F001D76C5 /* Build configuration list for PBXNativeTarget "BookmarkTests" */;
			buildPhases = (
				F095919A26AA551F001D76C5 /* Sources */,
				F095919B26AA551F001D76C5 /* Frameworks */,
				F095919C26AA551F001D76C5 /* Resources */,
			);
			buildRules = (
			);
			dependencies = (
				F09591A026AA551F001D76C5 /* PBXTargetDependency */,
			);
			name = BookmarkTests;
			productName = BookmarkTests;
			productReference = F095919E26AA551F001D76C5 /* BookmarkTests.xctest */;
			productType = "com.apple.product-type.bundle.unit-test";
		};
		F09591A726AA551F001D76C5 /* BookmarkUITests */ = {
			isa = PBXNativeTarget;
			buildConfigurationList = F09591B626AA551F001D76C5 /* Build configuration list for PBXNativeTarget "BookmarkUITests" */;
			buildPhases = (
				F09591A426AA551F001D76C5 /* Sources */,
				F09591A526AA551F001D76C5 /* Frameworks */,
				F09591A626AA551F001D76C5 /* Resources */,
			);
			buildRules = (
			);
			dependencies = (
				F09591AA26AA551F001D76C5 /* PBXTargetDependency */,
			);
			name = BookmarkUITests;
			productName = BookmarkUITests;
			productReference = F09591A826AA551F001D76C5 /* BookmarkUITests.xctest */;
			productType = "com.apple.product-type.bundle.ui-testing";
		};
/* End PBXNativeTarget section */

/* Begin PBXProject section */
		F095917D26AA551D001D76C5 /* Project object */ = {
			isa = PBXProject;
			attributes = {
				BuildIndependentTargetsInParallel = 1;
				LastSwiftUpdateCheck = 1300;
				LastUpgradeCheck = 1300;
				TargetAttributes = {
					F095918426AA551D001D76C5 = {
						CreatedOnToolsVersion = 13.0;
					};
					F095919D26AA551F001D76C5 = {
						CreatedOnToolsVersion = 13.0;
						TestTargetID = F095918426AA551D001D76C5;
					};
					F09591A726AA551F001D76C5 = {
						CreatedOnToolsVersion = 13.0;
						TestTargetID = F095918426AA551D001D76C5;
					};
				};
			};
			buildConfigurationList = F095918026AA551D001D76C5 /* Build configuration list for PBXProject "Bookmark" */;
			compatibilityVersion = "Xcode 13.0";
			developmentRegion = en;
			hasScannedForEncodings = 0;
			knownRegions = (
				en,
				Base,
			);
			mainGroup = F095917C26AA551D001D76C5;
			productRefGroup = F095918626AA551D001D76C5 /* Products */;
			projectDirPath = "";
			projectRoot = "";
			targets = (
				F095918426AA551D001D76C5 /* Bookmark */,
				F095919D26AA551F001D76C5 /* BookmarkTests */,
				F09591A726AA551F001D76C5 /* BookmarkUITests */,
			);
		};
/* End PBXProject section */

/* Begin PBXResourcesBuildPhase section */
		F095918326AA551D001D76C5 /* Resources */ = {
			isa = PBXResourcesBuildPhase;
			buildActionMask = 2147483647;
			files = (
				F09591D626AA77B8001D76C5 /* 9.jpg in Resources */,
				F09591DF26AAA19C001D76C5 /* lamp-remove.png in Resources */,
				F09591F126AAD8D8001D76C5 /* htmlView.html in Resources */,
				F09591E026AAA19C001D76C5 /* lamp-on.png in Resources */,
				F09591DE26AAA19C001D76C5 /* lamp-off.png in Resources */,
				F09591D426AA77B8001D76C5 /* 6.jpg in Resources */,
				F007C30D26ADF87000A3F0CD /* TableTableViewCell.xib in Resources */,
				F09591D126AA77B8001D76C5 /* 8.jpg in Resources */,
				F09591D226AA77B8001D76C5 /* 10.jpg in Resources */,
				F095919826AA551F001D76C5 /* LaunchScreen.storyboard in Resources */,
				F095919526AA551F001D76C5 /* Assets.xcassets in Resources */,
				F030A8A826B14FD5009E625F /* 신의탑1.png in Resources */,
				F030A8A626B14FD5009E625F /* 신의탑4.png in Resources */,
				F09591CF26AA77B8001D76C5 /* 2.jpg in Resources */,
				F09591D826AA77B8001D76C5 /* 5.jpg in Resources */,
				F030A8AA26B14FD5009E625F /* 좋아하면울리는.png in Resources */,
				F030A8AB26B14FD5009E625F /* 칼집의아이1.png in Resources */,
				F09591D026AA77B8001D76C5 /* 4.jpg in Resources */,
				F09591D526AA77B8001D76C5 /* 7.jpg in Resources */,
				F09591D726AA77B8001D76C5 /* 1.jpg in Resources */,
				F095919026AA551D001D76C5 /* Main.storyboard in Resources */,
				F09591D326AA77B8001D76C5 /* 3.jpg in Resources */,
				F030A8A926B14FD5009E625F /* 신의탑3.png in Resources */,
				F030A8A726B14FD5009E625F /* 신의탑2.png in Resources */,
			);
			runOnlyForDeploymentPostprocessing = 0;
		};
		F095919C26AA551F001D76C5 /* Resources */ = {
			isa = PBXResourcesBuildPhase;
			buildActionMask = 2147483647;
			files = (
			);
			runOnlyForDeploymentPostprocessing = 0;
		};
		F09591A626AA551F001D76C5 /* Resources */ = {
			isa = PBXResourcesBuildPhase;
			buildActionMask = 2147483647;
			files = (
			);
			runOnlyForDeploymentPostprocessing = 0;
		};
/* End PBXResourcesBuildPhase section */

/* Begin PBXSourcesBuildPhase section */
		F095918126AA551D001D76C5 /* Sources */ = {
			isa = PBXSourcesBuildPhase;
			buildActionMask = 2147483647;
			files = (
				F056370026AE03810090AA9B /* BookmarkData.swift in Sources */,
				F009B02A26B07B1800EBE75B /* BookmarkLineData.swift in Sources */,
				F009B02226AF9AB100EBE75B /* TableViewController.swift in Sources */,
				F095918D26AA551D001D76C5 /* ViewController.swift in Sources */,
				F030A8AF26B1DAC0009E625F /* UserDefaultViewController.swift in Sources */,
				F030A8AD26B16514009E625F /* MiniWebViewController.swift in Sources */,
				F09591DA26AA9FC0001D76C5 /* AlertViewController.swift in Sources */,
				F030A8B526B23DEC009E625F /* model.swift in Sources */,
				F030A8B726B248DB009E625F /* support.swift in Sources */,
				F095918926AA551D001D76C5 /* AppDelegate.swift in Sources */,
				F030A8B326B2331E009E625F /* SearchTableViewCell.swift in Sources */,
				F009B02626AFA3DF00EBE75B /* AddViewController.swift in Sources */,
				F056370226AECBEC0090AA9B /* TabBarViewController.swift in Sources */,
				F009B02826AFA3ED00EBE75B /* DetailViewController.swift in Sources */,
				F09591C326AA58FB001D76C5 /* PickerViewController.swift in Sources */,
				F007C30C26ADF87000A3F0CD /* TableTableViewCell.swift in Sources */,
				F009B02C26B094D700EBE75B /* ProductTableViewCell.swift in Sources */,
				F095918B26AA551D001D76C5 /* SceneDelegate.swift in Sources */,
				F095919326AA551D001D76C5 /* Bookmark.xcdatamodeld in Sources */,
				F09591BA26AA5531001D76C5 /* TimerViewController.swift in Sources */,
				F009B02026AF212C00EBE75B /* RecordViewController.swift in Sources */,
				F09591EC26AABDBE001D76C5 /* WebViewController.swift in Sources */,
				F0A5330A26ADC88D006AB340 /* EditViewController.swift in Sources */,
				F0BA2B4A26B11AB5001AA2B5 /* ProductDetailTableViewController.swift in Sources */,
			);
			runOnlyForDeploymentPostprocessing = 0;
		};
		F095919A26AA551F001D76C5 /* Sources */ = {
			isa = PBXSourcesBuildPhase;
			buildActionMask = 2147483647;
			files = (
				F09591A326AA551F001D76C5 /* BookmarkTests.swift in Sources */,
			);
			runOnlyForDeploymentPostprocessing = 0;
		};
		F09591A426AA551F001D76C5 /* Sources */ = {
			isa = PBXSourcesBuildPhase;
			buildActionMask = 2147483647;
			files = (
				F09591AD26AA551F001D76C5 /* BookmarkUITests.swift in Sources */,
			);
			runOnlyForDeploymentPostprocessing = 0;
		};
/* End PBXSourcesBuildPhase section */

/* Begin PBXTargetDependency section */
		F09591A026AA551F001D76C5 /* PBXTargetDependency */ = {
			isa = PBXTargetDependency;
			target = F095918426AA551D001D76C5 /* Bookmark */;
			targetProxy = F095919F26AA551F001D76C5 /* PBXContainerItemProxy */;
		};
		F09591AA26AA551F001D76C5 /* PBXTargetDependency */ = {
			isa = PBXTargetDependency;
			target = F095918426AA551D001D76C5 /* Bookmark */;
			targetProxy = F09591A926AA551F001D76C5 /* PBXContainerItemProxy */;
		};
/* End PBXTargetDependency section */

/* Begin PBXVariantGroup section */
		F095918E26AA551D001D76C5 /* Main.storyboard */ = {
			isa = PBXVariantGroup;
			children = (
				F095918F26AA551D001D76C5 /* Base */,
			);
			name = Main.storyboard;
			sourceTree = "<group>";
		};
		F095919626AA551F001D76C5 /* LaunchScreen.storyboard */ = {
			isa = PBXVariantGroup;
			children = (
				F095919726AA551F001D76C5 /* Base */,
			);
			name = LaunchScreen.storyboard;
			sourceTree = "<group>";
		};
/* End PBXVariantGroup section */

/* Begin XCBuildConfiguration section */
		F09591AE26AA551F001D76C5 /* Debug */ = {
			isa = XCBuildConfiguration;
			buildSettings = {
				ALWAYS_SEARCH_USER_PATHS = NO;
				CLANG_ANALYZER_NONNULL = YES;
				CLANG_ANALYZER_NUMBER_OBJECT_CONVERSION = YES_AGGRESSIVE;
				CLANG_CXX_LANGUAGE_STANDARD = "gnu++14";
				CLANG_CXX_LIBRARY = "libc++";
				CLANG_ENABLE_MODULES = YES;
				CLANG_ENABLE_OBJC_ARC = YES;
				CLANG_ENABLE_OBJC_WEAK = YES;
				CLANG_WARN_BLOCK_CAPTURE_AUTORELEASING = YES;
				CLANG_WARN_BOOL_CONVERSION = YES;
				CLANG_WARN_COMMA = YES;
				CLANG_WARN_CONSTANT_CONVERSION = YES;
				CLANG_WARN_DEPRECATED_OBJC_IMPLEMENTATIONS = YES;
				CLANG_WARN_DIRECT_OBJC_ISA_USAGE = YES_ERROR;
				CLANG_WARN_DOCUMENTATION_COMMENTS = YES;
				CLANG_WARN_EMPTY_BODY = YES;
				CLANG_WARN_ENUM_CONVERSION = YES;
				CLANG_WARN_INFINITE_RECURSION = YES;
				CLANG_WARN_INT_CONVERSION = YES;
				CLANG_WARN_NON_LITERAL_NULL_CONVERSION = YES;
				CLANG_WARN_OBJC_IMPLICIT_RETAIN_SELF = YES;
				CLANG_WARN_OBJC_LITERAL_CONVERSION = YES;
				CLANG_WARN_OBJC_ROOT_CLASS = YES_ERROR;
				CLANG_WARN_QUOTED_INCLUDE_IN_FRAMEWORK_HEADER = YES;
				CLANG_WARN_RANGE_LOOP_ANALYSIS = YES;
				CLANG_WARN_STRICT_PROTOTYPES = YES;
				CLANG_WARN_SUSPICIOUS_MOVE = YES;
				CLANG_WARN_UNGUARDED_AVAILABILITY = YES_AGGRESSIVE;
				CLANG_WARN_UNREACHABLE_CODE = YES;
				CLANG_WARN__DUPLICATE_METHOD_MATCH = YES;
				COPY_PHASE_STRIP = NO;
				DEBUG_INFORMATION_FORMAT = dwarf;
				ENABLE_STRICT_OBJC_MSGSEND = YES;
				ENABLE_TESTABILITY = YES;
				GCC_C_LANGUAGE_STANDARD = gnu11;
				GCC_DYNAMIC_NO_PIC = NO;
				GCC_NO_COMMON_BLOCKS = YES;
				GCC_OPTIMIZATION_LEVEL = 0;
				GCC_PREPROCESSOR_DEFINITIONS = (
					"DEBUG=1",
					"$(inherited)",
				);
				GCC_WARN_64_TO_32_BIT_CONVERSION = YES;
				GCC_WARN_ABOUT_RETURN_TYPE = YES_ERROR;
				GCC_WARN_UNDECLARED_SELECTOR = YES;
				GCC_WARN_UNINITIALIZED_AUTOS = YES_AGGRESSIVE;
				GCC_WARN_UNUSED_FUNCTION = YES;
				GCC_WARN_UNUSED_VARIABLE = YES;
				IPHONEOS_DEPLOYMENT_TARGET = 15.0;
				MTL_ENABLE_DEBUG_INFO = INCLUDE_SOURCE;
				MTL_FAST_MATH = YES;
				ONLY_ACTIVE_ARCH = YES;
				SDKROOT = iphoneos;
				SWIFT_ACTIVE_COMPILATION_CONDITIONS = DEBUG;
				SWIFT_OPTIMIZATION_LEVEL = "-Onone";
			};
			name = Debug;
		};
		F09591AF26AA551F001D76C5 /* Release */ = {
			isa = XCBuildConfiguration;
			buildSettings = {
				ALWAYS_SEARCH_USER_PATHS = NO;
				CLANG_ANALYZER_NONNULL = YES;
				CLANG_ANALYZER_NUMBER_OBJECT_CONVERSION = YES_AGGRESSIVE;
				CLANG_CXX_LANGUAGE_STANDARD = "gnu++14";
				CLANG_CXX_LIBRARY = "libc++";
				CLANG_ENABLE_MODULES = YES;
				CLANG_ENABLE_OBJC_ARC = YES;
				CLANG_ENABLE_OBJC_WEAK = YES;
				CLANG_WARN_BLOCK_CAPTURE_AUTORELEASING = YES;
				CLANG_WARN_BOOL_CONVERSION = YES;
				CLANG_WARN_COMMA = YES;
				CLANG_WARN_CONSTANT_CONVERSION = YES;
				CLANG_WARN_DEPRECATED_OBJC_IMPLEMENTATIONS = YES;
				CLANG_WARN_DIRECT_OBJC_ISA_USAGE = YES_ERROR;
				CLANG_WARN_DOCUMENTATION_COMMENTS = YES;
				CLANG_WARN_EMPTY_BODY = YES;
				CLANG_WARN_ENUM_CONVERSION = YES;
				CLANG_WARN_INFINITE_RECURSION = YES;
				CLANG_WARN_INT_CONVERSION = YES;
				CLANG_WARN_NON_LITERAL_NULL_CONVERSION = YES;
				CLANG_WARN_OBJC_IMPLICIT_RETAIN_SELF = YES;
				CLANG_WARN_OBJC_LITERAL_CONVERSION = YES;
				CLANG_WARN_OBJC_ROOT_CLASS = YES_ERROR;
				CLANG_WARN_QUOTED_INCLUDE_IN_FRAMEWORK_HEADER = YES;
				CLANG_WARN_RANGE_LOOP_ANALYSIS = YES;
				CLANG_WARN_STRICT_PROTOTYPES = YES;
				CLANG_WARN_SUSPICIOUS_MOVE = YES;
				CLANG_WARN_UNGUARDED_AVAILABILITY = YES_AGGRESSIVE;
				CLANG_WARN_UNREACHABLE_CODE = YES;
				CLANG_WARN__DUPLICATE_METHOD_MATCH = YES;
				COPY_PHASE_STRIP = NO;
				DEBUG_INFORMATION_FORMAT = "dwarf-with-dsym";
				ENABLE_NS_ASSERTIONS = NO;
				ENABLE_STRICT_OBJC_MSGSEND = YES;
				GCC_C_LANGUAGE_STANDARD = gnu11;
				GCC_NO_COMMON_BLOCKS = YES;
				GCC_WARN_64_TO_32_BIT_CONVERSION = YES;
				GCC_WARN_ABOUT_RETURN_TYPE = YES_ERROR;
				GCC_WARN_UNDECLARED_SELECTOR = YES;
				GCC_WARN_UNINITIALIZED_AUTOS = YES_AGGRESSIVE;
				GCC_WARN_UNUSED_FUNCTION = YES;
				GCC_WARN_UNUSED_VARIABLE = YES;
				IPHONEOS_DEPLOYMENT_TARGET = 15.0;
				MTL_ENABLE_DEBUG_INFO = NO;
				MTL_FAST_MATH = YES;
				SDKROOT = iphoneos;
				SWIFT_COMPILATION_MODE = wholemodule;
				SWIFT_OPTIMIZATION_LEVEL = "-O";
				VALIDATE_PRODUCT = YES;
			};
			name = Release;
		};
		F09591B126AA551F001D76C5 /* Debug */ = {
			isa = XCBuildConfiguration;
			buildSettings = {
				ASSETCATALOG_COMPILER_APPICON_NAME = AppIcon;
				ASSETCATALOG_COMPILER_GLOBAL_ACCENT_COLOR_NAME = AccentColor;
				CODE_SIGN_STYLE = Automatic;
				CURRENT_PROJECT_VERSION = 1;
				DEVELOPMENT_TEAM = ACU8AXMR55;
				GENERATE_INFOPLIST_FILE = YES;
				INFOPLIST_FILE = Bookmark/Info.plist;
				INFOPLIST_KEY_UIApplicationSupportsIndirectInputEvents = YES;
				INFOPLIST_KEY_UILaunchStoryboardName = LaunchScreen;
				INFOPLIST_KEY_UIMainStoryboardFile = Main;
				INFOPLIST_KEY_UISupportedInterfaceOrientations_iPad = "UIInterfaceOrientationPortrait UIInterfaceOrientationPortraitUpsideDown UIInterfaceOrientationLandscapeLeft UIInterfaceOrientationLandscapeRight";
				INFOPLIST_KEY_UISupportedInterfaceOrientations_iPhone = "UIInterfaceOrientationPortrait UIInterfaceOrientationLandscapeLeft UIInterfaceOrientationLandscapeRight";
				LD_RUNPATH_SEARCH_PATHS = (
					"$(inherited)",
					"@executable_path/Frameworks",
				);
				MARKETING_VERSION = 1.0;
				PRODUCT_BUNDLE_IDENTIFIER = com.dooly.ios.Bookmark;
				PRODUCT_NAME = "$(TARGET_NAME)";
				SWIFT_EMIT_LOC_STRINGS = YES;
				SWIFT_VERSION = 5.0;
				TARGETED_DEVICE_FAMILY = "1,2";
			};
			name = Debug;
		};
		F09591B226AA551F001D76C5 /* Release */ = {
			isa = XCBuildConfiguration;
			buildSettings = {
				ASSETCATALOG_COMPILER_APPICON_NAME = AppIcon;
				ASSETCATALOG_COMPILER_GLOBAL_ACCENT_COLOR_NAME = AccentColor;
				CODE_SIGN_STYLE = Automatic;
				CURRENT_PROJECT_VERSION = 1;
				DEVELOPMENT_TEAM = ACU8AXMR55;
				GENERATE_INFOPLIST_FILE = YES;
				INFOPLIST_FILE = Bookmark/Info.plist;
				INFOPLIST_KEY_UIApplicationSupportsIndirectInputEvents = YES;
				INFOPLIST_KEY_UILaunchStoryboardName = LaunchScreen;
				INFOPLIST_KEY_UIMainStoryboardFile = Main;
				INFOPLIST_KEY_UISupportedInterfaceOrientations_iPad = "UIInterfaceOrientationPortrait UIInterfaceOrientationPortraitUpsideDown UIInterfaceOrientationLandscapeLeft UIInterfaceOrientationLandscapeRight";
				INFOPLIST_KEY_UISupportedInterfaceOrientations_iPhone = "UIInterfaceOrientationPortrait UIInterfaceOrientationLandscapeLeft UIInterfaceOrientationLandscapeRight";
				LD_RUNPATH_SEARCH_PATHS = (
					"$(inherited)",
					"@executable_path/Frameworks",
				);
				MARKETING_VERSION = 1.0;
				PRODUCT_BUNDLE_IDENTIFIER = com.dooly.ios.Bookmark;
				PRODUCT_NAME = "$(TARGET_NAME)";
				SWIFT_EMIT_LOC_STRINGS = YES;
				SWIFT_VERSION = 5.0;
				TARGETED_DEVICE_FAMILY = "1,2";
			};
			name = Release;
		};
		F09591B426AA551F001D76C5 /* Debug */ = {
			isa = XCBuildConfiguration;
			buildSettings = {
				ALWAYS_EMBED_SWIFT_STANDARD_LIBRARIES = YES;
				BUNDLE_LOADER = "$(TEST_HOST)";
				CODE_SIGN_STYLE = Automatic;
				CURRENT_PROJECT_VERSION = 1;
				DEVELOPMENT_TEAM = ACU8AXMR55;
				GENERATE_INFOPLIST_FILE = YES;
				IPHONEOS_DEPLOYMENT_TARGET = 15.0;
				LD_RUNPATH_SEARCH_PATHS = (
					"$(inherited)",
					"@executable_path/Frameworks",
					"@loader_path/Frameworks",
				);
				MARKETING_VERSION = 1.0;
				PRODUCT_BUNDLE_IDENTIFIER = com.dooly.ios.BookmarkTests;
				PRODUCT_NAME = "$(TARGET_NAME)";
				SWIFT_EMIT_LOC_STRINGS = NO;
				SWIFT_VERSION = 5.0;
				TARGETED_DEVICE_FAMILY = "1,2";
				TEST_HOST = "$(BUILT_PRODUCTS_DIR)/Bookmark.app/Bookmark";
			};
			name = Debug;
		};
		F09591B526AA551F001D76C5 /* Release */ = {
			isa = XCBuildConfiguration;
			buildSettings = {
				ALWAYS_EMBED_SWIFT_STANDARD_LIBRARIES = YES;
				BUNDLE_LOADER = "$(TEST_HOST)";
				CODE_SIGN_STYLE = Automatic;
				CURRENT_PROJECT_VERSION = 1;
				DEVELOPMENT_TEAM = ACU8AXMR55;
				GENERATE_INFOPLIST_FILE = YES;
				IPHONEOS_DEPLOYMENT_TARGET = 15.0;
				LD_RUNPATH_SEARCH_PATHS = (
					"$(inherited)",
					"@executable_path/Frameworks",
					"@loader_path/Frameworks",
				);
				MARKETING_VERSION = 1.0;
				PRODUCT_BUNDLE_IDENTIFIER = com.dooly.ios.BookmarkTests;
				PRODUCT_NAME = "$(TARGET_NAME)";
				SWIFT_EMIT_LOC_STRINGS = NO;
				SWIFT_VERSION = 5.0;
				TARGETED_DEVICE_FAMILY = "1,2";
				TEST_HOST = "$(BUILT_PRODUCTS_DIR)/Bookmark.app/Bookmark";
			};
			name = Release;
		};
		F09591B726AA551F001D76C5 /* Debug */ = {
			isa = XCBuildConfiguration;
			buildSettings = {
				ALWAYS_EMBED_SWIFT_STANDARD_LIBRARIES = YES;
				CODE_SIGN_STYLE = Automatic;
				CURRENT_PROJECT_VERSION = 1;
				DEVELOPMENT_TEAM = ACU8AXMR55;
				GENERATE_INFOPLIST_FILE = YES;
				LD_RUNPATH_SEARCH_PATHS = (
					"$(inherited)",
					"@executable_path/Frameworks",
					"@loader_path/Frameworks",
				);
				MARKETING_VERSION = 1.0;
				PRODUCT_BUNDLE_IDENTIFIER = com.dooly.ios.BookmarkUITests;
				PRODUCT_NAME = "$(TARGET_NAME)";
				SWIFT_EMIT_LOC_STRINGS = NO;
				SWIFT_VERSION = 5.0;
				TARGETED_DEVICE_FAMILY = "1,2";
				TEST_TARGET_NAME = Bookmark;
			};
			name = Debug;
		};
		F09591B826AA551F001D76C5 /* Release */ = {
			isa = XCBuildConfiguration;
			buildSettings = {
				ALWAYS_EMBED_SWIFT_STANDARD_LIBRARIES = YES;
				CODE_SIGN_STYLE = Automatic;
				CURRENT_PROJECT_VERSION = 1;
				DEVELOPMENT_TEAM = ACU8AXMR55;
				GENERATE_INFOPLIST_FILE = YES;
				LD_RUNPATH_SEARCH_PATHS = (
					"$(inherited)",
					"@executable_path/Frameworks",
					"@loader_path/Frameworks",
				);
				MARKETING_VERSION = 1.0;
				PRODUCT_BUNDLE_IDENTIFIER = com.dooly.ios.BookmarkUITests;
				PRODUCT_NAME = "$(TARGET_NAME)";
				SWIFT_EMIT_LOC_STRINGS = NO;
				SWIFT_VERSION = 5.0;
				TARGETED_DEVICE_FAMILY = "1,2";
				TEST_TARGET_NAME = Bookmark;
			};
			name = Release;
		};
/* End XCBuildConfiguration section */

/* Begin XCConfigurationList section */
		F095918026AA551D001D76C5 /* Build configuration list for PBXProject "Bookmark" */ = {
			isa = XCConfigurationList;
			buildConfigurations = (
				F09591AE26AA551F001D76C5 /* Debug */,
				F09591AF26AA551F001D76C5 /* Release */,
			);
			defaultConfigurationIsVisible = 0;
			defaultConfigurationName = Release;
		};
		F09591B026AA551F001D76C5 /* Build configuration list for PBXNativeTarget "Bookmark" */ = {
			isa = XCConfigurationList;
			buildConfigurations = (
				F09591B126AA551F001D76C5 /* Debug */,
				F09591B226AA551F001D76C5 /* Release */,
			);
			defaultConfigurationIsVisible = 0;
			defaultConfigurationName = Release;
		};
		F09591B326AA551F001D76C5 /* Build configuration list for PBXNativeTarget "BookmarkTests" */ = {
			isa = XCConfigurationList;
			buildConfigurations = (
				F09591B426AA551F001D76C5 /* Debug */,
				F09591B526AA551F001D76C5 /* Release */,
			);
			defaultConfigurationIsVisible = 0;
			defaultConfigurationName = Release;
		};
		F09591B626AA551F001D76C5 /* Build configuration list for PBXNativeTarget "BookmarkUITests" */ = {
			isa = XCConfigurationList;
			buildConfigurations = (
				F09591B726AA551F001D76C5 /* Debug */,
				F09591B826AA551F001D76C5 /* Release */,
			);
			defaultConfigurationIsVisible = 0;
			defaultConfigurationName = Release;
		};
/* End XCConfigurationList section */

/* Begin XCVersionGroup section */
		F095919126AA551D001D76C5 /* Bookmark.xcdatamodeld */ = {
			isa = XCVersionGroup;
			children = (
				F095919226AA551D001D76C5 /* Bookmark.xcdatamodel */,
			);
			currentVersion = F095919226AA551D001D76C5 /* Bookmark.xcdatamodel */;
			path = Bookmark.xcdatamodeld;
			sourceTree = "<group>";
			versionGroupType = wrapper.xcdatamodel;
		};
/* End XCVersionGroup section */
	};
	rootObject = F095917D26AA551D001D76C5 /* Project object */;
}
